
Microsoft Visual Studio Solution File, Format Version 12.00
# Visual Studio Version 16
VisualStudioVersion = 16.0.33027.164
MinimumVisualStudioVersion = 10.0.40219.1
Project("{FAE04EC0-301F-11D3-BF4B-00C04F79EFBC}") = "lab1ex7", "lab1ex7\lab1ex7.csproj", "{452FAEF0-123A-4884-A01C-182C46085D07}"
EndProject
Global
	GlobalSection(SolutionConfigurationPlatforms) = preSolution
		Debug|Any CPU = Debug|Any CPU
		Release|Any CPU = Release|Any CPU
	EndGlobalSection
	GlobalSection(ProjectConfigurationPlatforms) = postSolution
		{452FAEF0-123A-4884-A01C-182C46085D07}.Debug|Any CPU.ActiveCfg = Debug|Any CPU
		{452FAEF0-123A-4884-A01C-182C46085D07}.Debug|Any CPU.Build.0 = Debug|Any CPU
		{452FAEF0-123A-4884-A01C-182C46085D07}.Release|Any CPU.ActiveCfg = Release|Any CPU
		{452FAEF0-123A-4884-A01C-182C46085D07}.Release|Any CPU.Build.0 = Release|Any CPU
	EndGlobalSection
	GlobalSection(SolutionProperties) = preSolution
		HideSolutionNode = FALSE
	EndGlobalSection
	GlobalSection(ExtensibilityGlobals) = postSolution
		SolutionGuid = {9723ABBD-34BA-47CA-9187-1BDD75938DEE}
	EndGlobalSection
EndGlobal
